
Microsoft Visual Studio Solution File, Format Version 12.00
# Visual Studio Version 17
VisualStudioVersion = 17.4.33110.190
MinimumVisualStudioVersion = 10.0.40219.1
Project("{9A19103F-16F7-4668-BE54-9A1E7A4F7556}") = "Basic Calculator", "Prueba 2\Basic Calculator.csproj", "{8D05CAC7-17B1-4136-B7C1-EDC7810E8B09}"
EndProject
Global
	GlobalSection(SolutionConfigurationPlatforms) = preSolution
		Debug|Any CPU = Debug|Any CPU
		Release|Any CPU = Release|Any CPU
	EndGlobalSection
	GlobalSection(ProjectConfigurationPlatforms) = postSolution
		{8D05CAC7-17B1-4136-B7C1-EDC7810E8B09}.Debug|Any CPU.ActiveCfg = Debug|Any CPU
		{8D05CAC7-17B1-4136-B7C1-EDC7810E8B09}.Debug|Any CPU.Build.0 = Debug|Any CPU
		{8D05CAC7-17B1-4136-B7C1-EDC7810E8B09}.Release|Any CPU.ActiveCfg = Release|Any CPU
		{8D05CAC7-17B1-4136-B7C1-EDC7810E8B09}.Release|Any CPU.Build.0 = Release|Any CPU
	EndGlobalSection
	GlobalSection(SolutionProperties) = preSolution
		HideSolutionNode = FALSE
	EndGlobalSection
	GlobalSection(ExtensibilityGlobals) = postSolution
		SolutionGuid = {7D74E12F-9AF2-4157-B8AF-B310C6E06A9B}
	EndGlobalSection
EndGlobal
